// !$*UTF8*$!
{
	archiveVersion = 1;
	classes = {
	};
	objectVersion = 56;
	objects = {

/* Begin PBXBuildFile section */
		6AE8DEE800C0483710E21ADC /* Pods_PhotoBoothDemo.framework in Frameworks */ = {isa = PBXBuildFile; fileRef = 86AB7FAC3160690E50550C72 /* Pods_PhotoBoothDemo.framework */; };
		B80E01082B0B6372006CE093 /* DesignPhotoBoothVC.swift in Sources */ = {isa = PBXBuildFile; fileRef = B80E01072B0B6372006CE093 /* DesignPhotoBoothVC.swift */; };
		B84E98C02B0C7EA300A3E809 /* Constants.swift in Sources */ = {isa = PBXBuildFile; fileRef = B84E98BF2B0C7EA300A3E809 /* Constants.swift */; };
		B84E98C22B0C943500A3E809 /* LayoutListVC.swift in Sources */ = {isa = PBXBuildFile; fileRef = B84E98C12B0C943500A3E809 /* LayoutListVC.swift */; };
		B84E98C92B0C956F00A3E809 /* LayoutCollCell.swift in Sources */ = {isa = PBXBuildFile; fileRef = B84E98C72B0C956F00A3E809 /* LayoutCollCell.swift */; };
		B84E98CA2B0C956F00A3E809 /* LayoutCollCell.xib in Resources */ = {isa = PBXBuildFile; fileRef = B84E98C82B0C956F00A3E809 /* LayoutCollCell.xib */; };
		B84E98D92B0CADE300A3E809 /* ExtensionsUIView.swift in Sources */ = {isa = PBXBuildFile; fileRef = B84E98D82B0CADE200A3E809 /* ExtensionsUIView.swift */; };
		B89B5B1C2B0DDD7500CE631D /* LayoutHView4.swift in Sources */ = {isa = PBXBuildFile; fileRef = B89B5B1A2B0DDD7500CE631D /* LayoutHView4.swift */; };
		B89B5B1D2B0DDD7500CE631D /* LayoutHView4.xib in Resources */ = {isa = PBXBuildFile; fileRef = B89B5B1B2B0DDD7500CE631D /* LayoutHView4.xib */; };
		B89B5B202B0DE9FF00CE631D /* LayoutVView2.xib in Resources */ = {isa = PBXBuildFile; fileRef = B89B5B1E2B0DE9FF00CE631D /* LayoutVView2.xib */; };
		B89B5B212B0DE9FF00CE631D /* LayoutVView2.swift in Sources */ = {isa = PBXBuildFile; fileRef = B89B5B1F2B0DE9FF00CE631D /* LayoutVView2.swift */; };
		B89B5B242B0DEA4D00CE631D /* LayoutVView3.xib in Resources */ = {isa = PBXBuildFile; fileRef = B89B5B222B0DEA4D00CE631D /* LayoutVView3.xib */; };
		B89B5B252B0DEA4D00CE631D /* LayoutVView3.swift in Sources */ = {isa = PBXBuildFile; fileRef = B89B5B232B0DEA4D00CE631D /* LayoutVView3.swift */; };
		B89B5B2B2B0DFE4100CE631D /* LayoutVView5.xib in Resources */ = {isa = PBXBuildFile; fileRef = B89B5B292B0DFE4100CE631D /* LayoutVView5.xib */; };
		B89B5B2C2B0DFE4100CE631D /* LayoutVView5.swift in Sources */ = {isa = PBXBuildFile; fileRef = B89B5B2A2B0DFE4100CE631D /* LayoutVView5.swift */; };
		B89B5B2F2B0DFE4600CE631D /* LayoutVView6.swift in Sources */ = {isa = PBXBuildFile; fileRef = B89B5B2D2B0DFE4600CE631D /* LayoutVView6.swift */; };
		B89B5B302B0DFE4600CE631D /* LayoutVView6.xib in Resources */ = {isa = PBXBuildFile; fileRef = B89B5B2E2B0DFE4600CE631D /* LayoutVView6.xib */; };
		B89B5B342B0DFE4D00CE631D /* LayoutVView7.swift in Sources */ = {isa = PBXBuildFile; fileRef = B89B5B322B0DFE4D00CE631D /* LayoutVView7.swift */; };
		B89B5B352B0DFE4D00CE631D /* LayoutVView7.xib in Resources */ = {isa = PBXBuildFile; fileRef = B89B5B332B0DFE4D00CE631D /* LayoutVView7.xib */; };
		B8B45C932B0F4EB8001B45D1 /* _4x6Layout1.swift in Sources */ = {isa = PBXBuildFile; fileRef = B8B45C912B0F4EB8001B45D1 /* _4x6Layout1.swift */; };
		B8B45C942B0F4EB8001B45D1 /* _4x6Layout1.xib in Resources */ = {isa = PBXBuildFile; fileRef = B8B45C922B0F4EB8001B45D1 /* _4x6Layout1.xib */; };
		B8B45C972B0F5078001B45D1 /* _4x6Layout2.xib in Resources */ = {isa = PBXBuildFile; fileRef = B8B45C952B0F5078001B45D1 /* _4x6Layout2.xib */; };
		B8B45C982B0F5078001B45D1 /* _4x6Layout2.swift in Sources */ = {isa = PBXBuildFile; fileRef = B8B45C962B0F5078001B45D1 /* _4x6Layout2.swift */; };
		B8C18AD42B1088DA000CE3D6 /* CameraPhotoCollCell.swift in Sources */ = {isa = PBXBuildFile; fileRef = B8C18AD32B1088DA000CE3D6 /* CameraPhotoCollCell.swift */; };
		B8D1BB6D2B04BD34008A8C48 /* AppDelegate.swift in Sources */ = {isa = PBXBuildFile; fileRef = B8D1BB6C2B04BD34008A8C48 /* AppDelegate.swift */; };
		B8D1BB6F2B04BD34008A8C48 /* SceneDelegate.swift in Sources */ = {isa = PBXBuildFile; fileRef = B8D1BB6E2B04BD34008A8C48 /* SceneDelegate.swift */; };
		B8D1BB742B04BD34008A8C48 /* Main.storyboard in Resources */ = {isa = PBXBuildFile; fileRef = B8D1BB722B04BD34008A8C48 /* Main.storyboard */; };
		B8D1BB762B04BD36008A8C48 /* Assets.xcassets in Resources */ = {isa = PBXBuildFile; fileRef = B8D1BB752B04BD36008A8C48 /* Assets.xcassets */; };
		B8D1BB792B04BD36008A8C48 /* LaunchScreen.storyboard in Resources */ = {isa = PBXBuildFile; fileRef = B8D1BB772B04BD36008A8C48 /* LaunchScreen.storyboard */; };
		B8D1BB812B04C023008A8C48 /* CustomCameraViewController.swift in Sources */ = {isa = PBXBuildFile; fileRef = B8D1BB802B04C023008A8C48 /* CustomCameraViewController.swift */; };
		B8DCF2242B0DD80700643E05 /* LayoutVView1.swift in Sources */ = {isa = PBXBuildFile; fileRef = B8DCF2232B0DD80700643E05 /* LayoutVView1.swift */; };
		B8DCF2262B0DD81100643E05 /* LayoutVView1.xib in Resources */ = {isa = PBXBuildFile; fileRef = B8DCF2252B0DD81100643E05 /* LayoutVView1.xib */; };
		B8EAD9952B10A76E00943018 /* YourPhotoVC.swift in Sources */ = {isa = PBXBuildFile; fileRef = B8EAD9942B10A76E00943018 /* YourPhotoVC.swift */; };
		B8EAD9972B10B88C00943018 /* CameraOverlayView.swift in Sources */ = {isa = PBXBuildFile; fileRef = B8EAD9962B10B88C00943018 /* CameraOverlayView.swift */; };
/* End PBXBuildFile section */

/* Begin PBXFileReference section */
		2E538F953C6EEAB8F8CB7CF5 /* Pods-PhotoBoothDemo.debug.xcconfig */ = {isa = PBXFileReference; includeInIndex = 1; lastKnownFileType = text.xcconfig; name = "Pods-PhotoBoothDemo.debug.xcconfig"; path = "Target Support Files/Pods-PhotoBoothDemo/Pods-PhotoBoothDemo.debug.xcconfig"; sourceTree = "<group>"; };
		86AB7FAC3160690E50550C72 /* Pods_PhotoBoothDemo.framework */ = {isa = PBXFileReference; explicitFileType = wrapper.framework; includeInIndex = 0; path = Pods_PhotoBoothDemo.framework; sourceTree = BUILT_PRODUCTS_DIR; };
		B80E01072B0B6372006CE093 /* DesignPhotoBoothVC.swift */ = {isa = PBXFileReference; fileEncoding = 4; lastKnownFileType = sourcecode.swift; path = DesignPhotoBoothVC.swift; sourceTree = "<group>"; };
		B84E98BF2B0C7EA300A3E809 /* Constants.swift */ = {isa = PBXFileReference; lastKnownFileType = sourcecode.swift; path = Constants.swift; sourceTree = "<group>"; };
		B84E98C12B0C943500A3E809 /* LayoutListVC.swift */ = {isa = PBXFileReference; lastKnownFileType = sourcecode.swift; path = LayoutListVC.swift; sourceTree = "<group>"; };
		B84E98C72B0C956F00A3E809 /* LayoutCollCell.swift */ = {isa = PBXFileReference; lastKnownFileType = sourcecode.swift; path = LayoutCollCell.swift; sourceTree = "<group>"; };
		B84E98C82B0C956F00A3E809 /* LayoutCollCell.xib */ = {isa = PBXFileReference; lastKnownFileType = file.xib; path = LayoutCollCell.xib; sourceTree = "<group>"; };
		B84E98D82B0CADE200A3E809 /* ExtensionsUIView.swift */ = {isa = PBXFileReference; fileEncoding = 4; lastKnownFileType = sourcecode.swift; path = ExtensionsUIView.swift; sourceTree = "<group>"; };
		B89B5B1A2B0DDD7500CE631D /* LayoutHView4.swift */ = {isa = PBXFileReference; fileEncoding = 4; lastKnownFileType = sourcecode.swift; path = LayoutHView4.swift; sourceTree = "<group>"; };
		B89B5B1B2B0DDD7500CE631D /* LayoutHView4.xib */ = {isa = PBXFileReference; fileEncoding = 4; lastKnownFileType = file.xib; path = LayoutHView4.xib; sourceTree = "<group>"; };
		B89B5B1E2B0DE9FF00CE631D /* LayoutVView2.xib */ = {isa = PBXFileReference; fileEncoding = 4; lastKnownFileType = file.xib; path = LayoutVView2.xib; sourceTree = "<group>"; };
		B89B5B1F2B0DE9FF00CE631D /* LayoutVView2.swift */ = {isa = PBXFileReference; fileEncoding = 4; lastKnownFileType = sourcecode.swift; path = LayoutVView2.swift; sourceTree = "<group>"; };
		B89B5B222B0DEA4D00CE631D /* LayoutVView3.xib */ = {isa = PBXFileReference; fileEncoding = 4; lastKnownFileType = file.xib; path = LayoutVView3.xib; sourceTree = "<group>"; };
		B89B5B232B0DEA4D00CE631D /* LayoutVView3.swift */ = {isa = PBXFileReference; fileEncoding = 4; lastKnownFileType = sourcecode.swift; path = LayoutVView3.swift; sourceTree = "<group>"; };
		B89B5B292B0DFE4100CE631D /* LayoutVView5.xib */ = {isa = PBXFileReference; fileEncoding = 4; lastKnownFileType = file.xib; path = LayoutVView5.xib; sourceTree = "<group>"; };
		B89B5B2A2B0DFE4100CE631D /* LayoutVView5.swift */ = {isa = PBXFileReference; fileEncoding = 4; lastKnownFileType = sourcecode.swift; path = LayoutVView5.swift; sourceTree = "<group>"; };
		B89B5B2D2B0DFE4600CE631D /* LayoutVView6.swift */ = {isa = PBXFileReference; fileEncoding = 4; lastKnownFileType = sourcecode.swift; path = LayoutVView6.swift; sourceTree = "<group>"; };
		B89B5B2E2B0DFE4600CE631D /* LayoutVView6.xib */ = {isa = PBXFileReference; fileEncoding = 4; lastKnownFileType = file.xib; path = LayoutVView6.xib; sourceTree = "<group>"; };
		B89B5B322B0DFE4D00CE631D /* LayoutVView7.swift */ = {isa = PBXFileReference; fileEncoding = 4; lastKnownFileType = sourcecode.swift; path = LayoutVView7.swift; sourceTree = "<group>"; };
		B89B5B332B0DFE4D00CE631D /* LayoutVView7.xib */ = {isa = PBXFileReference; fileEncoding = 4; lastKnownFileType = file.xib; path = LayoutVView7.xib; sourceTree = "<group>"; };
		B8B45C912B0F4EB8001B45D1 /* _4x6Layout1.swift */ = {isa = PBXFileReference; fileEncoding = 4; lastKnownFileType = sourcecode.swift; path = _4x6Layout1.swift; sourceTree = "<group>"; };
		B8B45C922B0F4EB8001B45D1 /* _4x6Layout1.xib */ = {isa = PBXFileReference; fileEncoding = 4; lastKnownFileType = file.xib; path = _4x6Layout1.xib; sourceTree = "<group>"; };
		B8B45C952B0F5078001B45D1 /* _4x6Layout2.xib */ = {isa = PBXFileReference; fileEncoding = 4; lastKnownFileType = file.xib; path = _4x6Layout2.xib; sourceTree = "<group>"; };
		B8B45C962B0F5078001B45D1 /* _4x6Layout2.swift */ = {isa = PBXFileReference; fileEncoding = 4; lastKnownFileType = sourcecode.swift; path = _4x6Layout2.swift; sourceTree = "<group>"; };
		B8C18AD32B1088DA000CE3D6 /* CameraPhotoCollCell.swift */ = {isa = PBXFileReference; fileEncoding = 4; lastKnownFileType = sourcecode.swift; path = CameraPhotoCollCell.swift; sourceTree = "<group>"; };
		B8D1BB692B04BD34008A8C48 /* PhotoBoothDemo.app */ = {isa = PBXFileReference; explicitFileType = wrapper.application; includeInIndex = 0; path = PhotoBoothDemo.app; sourceTree = BUILT_PRODUCTS_DIR; };
		B8D1BB6C2B04BD34008A8C48 /* AppDelegate.swift */ = {isa = PBXFileReference; lastKnownFileType = sourcecode.swift; path = AppDelegate.swift; sourceTree = "<group>"; };
		B8D1BB6E2B04BD34008A8C48 /* SceneDelegate.swift */ = {isa = PBXFileReference; lastKnownFileType = sourcecode.swift; path = SceneDelegate.swift; sourceTree = "<group>"; };
		B8D1BB732B04BD34008A8C48 /* Base */ = {isa = PBXFileReference; lastKnownFileType = file.storyboard; name = Base; path = Base.lproj/Main.storyboard; sourceTree = "<group>"; };
		B8D1BB752B04BD36008A8C48 /* Assets.xcassets */ = {isa = PBXFileReference; lastKnownFileType = folder.assetcatalog; path = Assets.xcassets; sourceTree = "<group>"; };
		B8D1BB782B04BD36008A8C48 /* Base */ = {isa = PBXFileReference; lastKnownFileType = file.storyboard; name = Base; path = Base.lproj/LaunchScreen.storyboard; sourceTree = "<group>"; };
		B8D1BB7A2B04BD36008A8C48 /* Info.plist */ = {isa = PBXFileReference; lastKnownFileType = text.plist.xml; path = Info.plist; sourceTree = "<group>"; };
		B8D1BB802B04C023008A8C48 /* CustomCameraViewController.swift */ = {isa = PBXFileReference; lastKnownFileType = sourcecode.swift; path = CustomCameraViewController.swift; sourceTree = "<group>"; };
		B8DCF2232B0DD80700643E05 /* LayoutVView1.swift */ = {isa = PBXFileReference; lastKnownFileType = sourcecode.swift; path = LayoutVView1.swift; sourceTree = "<group>"; };
		B8DCF2252B0DD81100643E05 /* LayoutVView1.xib */ = {isa = PBXFileReference; lastKnownFileType = file.xib; path = LayoutVView1.xib; sourceTree = "<group>"; };
		B8EAD9942B10A76E00943018 /* YourPhotoVC.swift */ = {isa = PBXFileReference; fileEncoding = 4; lastKnownFileType = sourcecode.swift; path = YourPhotoVC.swift; sourceTree = "<group>"; };
		B8EAD9962B10B88C00943018 /* CameraOverlayView.swift */ = {isa = PBXFileReference; lastKnownFileType = sourcecode.swift; path = CameraOverlayView.swift; sourceTree = "<group>"; };
		E9EFF3FE85ED5438D711A02A /* Pods-PhotoBoothDemo.release.xcconfig */ = {isa = PBXFileReference; includeInIndex = 1; lastKnownFileType = text.xcconfig; name = "Pods-PhotoBoothDemo.release.xcconfig"; path = "Target Support Files/Pods-PhotoBoothDemo/Pods-PhotoBoothDemo.release.xcconfig"; sourceTree = "<group>"; };
/* End PBXFileReference section */

/* Begin PBXFrameworksBuildPhase section */
		B8D1BB662B04BD34008A8C48 /* Frameworks */ = {
			isa = PBXFrameworksBuildPhase;
			buildActionMask = 2147483647;
			files = (
				6AE8DEE800C0483710E21ADC /* Pods_PhotoBoothDemo.framework in Frameworks */,
			);
			runOnlyForDeploymentPostprocessing = 0;
		};
/* End PBXFrameworksBuildPhase section */

/* Begin PBXGroup section */
		254F935516734E656FCD5F3D /* Frameworks */ = {
			isa = PBXGroup;
			children = (
				86AB7FAC3160690E50550C72 /* Pods_PhotoBoothDemo.framework */,
			);
			name = Frameworks;
			sourceTree = "<group>";
		};
		649E34ACCA832B2A12FFC7C9 /* Pods */ = {
			isa = PBXGroup;
			children = (
				2E538F953C6EEAB8F8CB7CF5 /* Pods-PhotoBoothDemo.debug.xcconfig */,
				E9EFF3FE85ED5438D711A02A /* Pods-PhotoBoothDemo.release.xcconfig */,
			);
			path = Pods;
			sourceTree = "<group>";
		};
		B84E98C32B0C951E00A3E809 /* List */ = {
			isa = PBXGroup;
			children = (
				B89B5B262B0DED9400CE631D /* Cell */,
				B84E98C12B0C943500A3E809 /* LayoutListVC.swift */,
				B84E98C42B0C952300A3E809 /* Views */,
			);
			path = List;
			sourceTree = "<group>";
		};
		B84E98C42B0C952300A3E809 /* Views */ = {
			isa = PBXGroup;
			children = (
				B8B45C8D2B0F4E40001B45D1 /* Figma */,
				B89B5B312B0DFE4D00CE631D /* 7 */,
				B89B5B282B0DFD4600CE631D /* 6 */,
				B89B5B272B0DFD4200CE631D /* 5 */,
				B8C9CB232B0CDF0B00AF95FD /* 4 */,
				B84E98CD2B0C962000A3E809 /* 3 */,
				B84E98CC2B0C961A00A3E809 /* 2 */,
				B84E98CB2B0C960C00A3E809 /* 1 */,
			);
			path = Views;
			sourceTree = "<group>";
		};
		B84E98CB2B0C960C00A3E809 /* 1 */ = {
			isa = PBXGroup;
			children = (
				B8DCF2232B0DD80700643E05 /* LayoutVView1.swift */,
				B8DCF2252B0DD81100643E05 /* LayoutVView1.xib */,
			);
			path = 1;
			sourceTree = "<group>";
		};
		B84E98CC2B0C961A00A3E809 /* 2 */ = {
			isa = PBXGroup;
			children = (
				B89B5B1F2B0DE9FF00CE631D /* LayoutVView2.swift */,
				B89B5B1E2B0DE9FF00CE631D /* LayoutVView2.xib */,
			);
			path = 2;
			sourceTree = "<group>";
		};
		B84E98CD2B0C962000A3E809 /* 3 */ = {
			isa = PBXGroup;
			children = (
				B89B5B232B0DEA4D00CE631D /* LayoutVView3.swift */,
				B89B5B222B0DEA4D00CE631D /* LayoutVView3.xib */,
			);
			path = 3;
			sourceTree = "<group>";
		};
		B84E98D72B0CADDA00A3E809 /* Oher */ = {
			isa = PBXGroup;
			children = (
				B84E98D82B0CADE200A3E809 /* ExtensionsUIView.swift */,
				B8EAD9962B10B88C00943018 /* CameraOverlayView.swift */,
			);
			path = Oher;
			sourceTree = "<group>";
		};
		B89B5B262B0DED9400CE631D /* Cell */ = {
			isa = PBXGroup;
			children = (
				B84E98C72B0C956F00A3E809 /* LayoutCollCell.swift */,
				B84E98C82B0C956F00A3E809 /* LayoutCollCell.xib */,
			);
			path = Cell;
			sourceTree = "<group>";
		};
		B89B5B272B0DFD4200CE631D /* 5 */ = {
			isa = PBXGroup;
			children = (
				B89B5B2A2B0DFE4100CE631D /* LayoutVView5.swift */,
				B89B5B292B0DFE4100CE631D /* LayoutVView5.xib */,
			);
			path = 5;
			sourceTree = "<group>";
		};
		B89B5B282B0DFD4600CE631D /* 6 */ = {
			isa = PBXGroup;
			children = (
				B89B5B2D2B0DFE4600CE631D /* LayoutVView6.swift */,
				B89B5B2E2B0DFE4600CE631D /* LayoutVView6.xib */,
			);
			path = 6;
			sourceTree = "<group>";
		};
		B89B5B312B0DFE4D00CE631D /* 7 */ = {
			isa = PBXGroup;
			children = (
				B89B5B322B0DFE4D00CE631D /* LayoutVView7.swift */,
				B89B5B332B0DFE4D00CE631D /* LayoutVView7.xib */,
			);
			path = 7;
			sourceTree = "<group>";
		};
		B8B45C8B2B0F3978001B45D1 /* Design */ = {
			isa = PBXGroup;
			children = (
				B80E01072B0B6372006CE093 /* DesignPhotoBoothVC.swift */,
			);
			path = Design;
			sourceTree = "<group>";
		};
		B8B45C8C2B0F3993001B45D1 /* Camera */ = {
			isa = PBXGroup;
			children = (
				B8C18AD22B1088C7000CE3D6 /* Cell */,
				B8D1BB802B04C023008A8C48 /* CustomCameraViewController.swift */,
			);
			path = Camera;
			sourceTree = "<group>";
		};
		B8B45C8D2B0F4E40001B45D1 /* Figma */ = {
			isa = PBXGroup;
			children = (
				B8B45C8E2B0F4E45001B45D1 /* 1200*1800 */,
			);
			path = Figma;
			sourceTree = "<group>";
		};
		B8B45C8E2B0F4E45001B45D1 /* 1200*1800 */ = {
			isa = PBXGroup;
			children = (
				B8B45C912B0F4EB8001B45D1 /* _4x6Layout1.swift */,
				B8B45C922B0F4EB8001B45D1 /* _4x6Layout1.xib */,
				B8B45C962B0F5078001B45D1 /* _4x6Layout2.swift */,
				B8B45C952B0F5078001B45D1 /* _4x6Layout2.xib */,
			);
			path = "1200*1800";
			sourceTree = "<group>";
		};
		B8C18AD22B1088C7000CE3D6 /* Cell */ = {
			isa = PBXGroup;
			children = (
				B8C18AD32B1088DA000CE3D6 /* CameraPhotoCollCell.swift */,
			);
			path = Cell;
			sourceTree = "<group>";
		};
		B8C9CB232B0CDF0B00AF95FD /* 4 */ = {
			isa = PBXGroup;
			children = (
				B89B5B1A2B0DDD7500CE631D /* LayoutHView4.swift */,
				B89B5B1B2B0DDD7500CE631D /* LayoutHView4.xib */,
			);
			path = 4;
			sourceTree = "<group>";
		};
		B8D1BB602B04BD34008A8C48 = {
			isa = PBXGroup;
			children = (
				B8D1BB6B2B04BD34008A8C48 /* PhotoBoothDemo */,
				B8D1BB6A2B04BD34008A8C48 /* Products */,
				649E34ACCA832B2A12FFC7C9 /* Pods */,
				254F935516734E656FCD5F3D /* Frameworks */,
			);
			sourceTree = "<group>";
		};
		B8D1BB6A2B04BD34008A8C48 /* Products */ = {
			isa = PBXGroup;
			children = (
				B8D1BB692B04BD34008A8C48 /* PhotoBoothDemo.app */,
			);
			name = Products;
			sourceTree = "<group>";
		};
		B8D1BB6B2B04BD34008A8C48 /* PhotoBoothDemo */ = {
			isa = PBXGroup;
			children = (
				B8D1BB6E2B04BD34008A8C48 /* SceneDelegate.swift */,
				B8D1BB6C2B04BD34008A8C48 /* AppDelegate.swift */,
				B84E98BF2B0C7EA300A3E809 /* Constants.swift */,
				B84E98D72B0CADDA00A3E809 /* Oher */,
				B84E98C32B0C951E00A3E809 /* List */,
				B8EAD9932B10A69700943018 /* YourPhoto */,
				B8B45C8B2B0F3978001B45D1 /* Design */,
				B8B45C8C2B0F3993001B45D1 /* Camera */,
				B8D1BB722B04BD34008A8C48 /* Main.storyboard */,
				B8D1BB752B04BD36008A8C48 /* Assets.xcassets */,
				B8D1BB772B04BD36008A8C48 /* LaunchScreen.storyboard */,
				B8D1BB7A2B04BD36008A8C48 /* Info.plist */,
			);
			path = PhotoBoothDemo;
			sourceTree = "<group>";
		};
		B8EAD9932B10A69700943018 /* YourPhoto */ = {
			isa = PBXGroup;
			children = (
				B8EAD9942B10A76E00943018 /* YourPhotoVC.swift */,
			);
			path = YourPhoto;
			sourceTree = "<group>";
		};
/* End PBXGroup section */

/* Begin PBXNativeTarget section */
		B8D1BB682B04BD34008A8C48 /* PhotoBoothDemo */ = {
			isa = PBXNativeTarget;
			buildConfigurationList = B8D1BB7D2B04BD36008A8C48 /* Build configuration list for PBXNativeTarget "PhotoBoothDemo" */;
			buildPhases = (
				E7C41B3E7E4D500CBCB31CB2 /* [CP] Check Pods Manifest.lock */,
				B8D1BB652B04BD34008A8C48 /* Sources */,
				B8D1BB662B04BD34008A8C48 /* Frameworks */,
				B8D1BB672B04BD34008A8C48 /* Resources */,
				EE25E69F2EFF854DA0D9FBFD /* [CP] Embed Pods Frameworks */,
			);
			buildRules = (
			);
			dependencies = (
			);
			name = PhotoBoothDemo;
			productName = PhotoBoothDemo;
			productReference = B8D1BB692B04BD34008A8C48 /* PhotoBoothDemo.app */;
			productType = "com.apple.product-type.application";
		};
/* End PBXNativeTarget section */

/* Begin PBXProject section */
		B8D1BB612B04BD34008A8C48 /* Project object */ = {
			isa = PBXProject;
			attributes = {
				BuildIndependentTargetsInParallel = 1;
				LastSwiftUpdateCheck = 1500;
				LastUpgradeCheck = 1500;
				TargetAttributes = {
					B8D1BB682B04BD34008A8C48 = {
						CreatedOnToolsVersion = 15.0.1;
					};
				};
			};
			buildConfigurationList = B8D1BB642B04BD34008A8C48 /* Build configuration list for PBXProject "PhotoBoothDemo" */;
			compatibilityVersion = "Xcode 14.0";
			developmentRegion = en;
			hasScannedForEncodings = 0;
			knownRegions = (
				en,
				Base,
			);
			mainGroup = B8D1BB602B04BD34008A8C48;
			productRefGroup = B8D1BB6A2B04BD34008A8C48 /* Products */;
			projectDirPath = "";
			projectRoot = "";
			targets = (
				B8D1BB682B04BD34008A8C48 /* PhotoBoothDemo */,
			);
		};
/* End PBXProject section */

/* Begin PBXResourcesBuildPhase section */
		B8D1BB672B04BD34008A8C48 /* Resources */ = {
			isa = PBXResourcesBuildPhase;
			buildActionMask = 2147483647;
			files = (
				B89B5B352B0DFE4D00CE631D /* LayoutVView7.xib in Resources */,
				B8DCF2262B0DD81100643E05 /* LayoutVView1.xib in Resources */,
				B89B5B202B0DE9FF00CE631D /* LayoutVView2.xib in Resources */,
				B8D1BB792B04BD36008A8C48 /* LaunchScreen.storyboard in Resources */,
				B84E98CA2B0C956F00A3E809 /* LayoutCollCell.xib in Resources */,
				B8B45C942B0F4EB8001B45D1 /* _4x6Layout1.xib in Resources */,
				B8D1BB762B04BD36008A8C48 /* Assets.xcassets in Resources */,
				B8D1BB742B04BD34008A8C48 /* Main.storyboard in Resources */,
				B89B5B242B0DEA4D00CE631D /* LayoutVView3.xib in Resources */,
				B89B5B302B0DFE4600CE631D /* LayoutVView6.xib in Resources */,
				B8B45C972B0F5078001B45D1 /* _4x6Layout2.xib in Resources */,
				B89B5B1D2B0DDD7500CE631D /* LayoutHView4.xib in Resources */,
				B89B5B2B2B0DFE4100CE631D /* LayoutVView5.xib in Resources */,
			);
			runOnlyForDeploymentPostprocessing = 0;
		};
/* End PBXResourcesBuildPhase section */

/* Begin PBXShellScriptBuildPhase section */
		E7C41B3E7E4D500CBCB31CB2 /* [CP] Check Pods Manifest.lock */ = {
			isa = PBXShellScriptBuildPhase;
			buildActionMask = 2147483647;
			files = (
			);
			inputFileListPaths = (
			);
			inputPaths = (
				"${PODS_PODFILE_DIR_PATH}/Podfile.lock",
				"${PODS_ROOT}/Manifest.lock",
			);
			name = "[CP] Check Pods Manifest.lock";
			outputFileListPaths = (
			);
			outputPaths = (
				"$(DERIVED_FILE_DIR)/Pods-PhotoBoothDemo-checkManifestLockResult.txt",
			);
			runOnlyForDeploymentPostprocessing = 0;
			shellPath = /bin/sh;
			shellScript = "diff \"${PODS_PODFILE_DIR_PATH}/Podfile.lock\" \"${PODS_ROOT}/Manifest.lock\" > /dev/null\nif [ $? != 0 ] ; then\n    # print error to STDERR\n    echo \"error: The sandbox is not in sync with the Podfile.lock. Run 'pod install' or update your CocoaPods installation.\" >&2\n    exit 1\nfi\n# This output is used by Xcode 'outputs' to avoid re-running this script phase.\necho \"SUCCESS\" > \"${SCRIPT_OUTPUT_FILE_0}\"\n";
			showEnvVarsInLog = 0;
		};
		EE25E69F2EFF854DA0D9FBFD /* [CP] Embed Pods Frameworks */ = {
			isa = PBXShellScriptBuildPhase;
			buildActionMask = 2147483647;
			files = (
			);
			inputFileListPaths = (
				"${PODS_ROOT}/Target Support Files/Pods-PhotoBoothDemo/Pods-PhotoBoothDemo-frameworks-${CONFIGURATION}-input-files.xcfilelist",
			);
			name = "[CP] Embed Pods Frameworks";
			outputFileListPaths = (
				"${PODS_ROOT}/Target Support Files/Pods-PhotoBoothDemo/Pods-PhotoBoothDemo-frameworks-${CONFIGURATION}-output-files.xcfilelist",
			);
			runOnlyForDeploymentPostprocessing = 0;
			shellPath = /bin/sh;
			shellScript = "\"${PODS_ROOT}/Target Support Files/Pods-PhotoBoothDemo/Pods-PhotoBoothDemo-frameworks.sh\"\n";
			showEnvVarsInLog = 0;
		};
/* End PBXShellScriptBuildPhase section */

/* Begin PBXSourcesBuildPhase section */
		B8D1BB652B04BD34008A8C48 /* Sources */ = {
			isa = PBXSourcesBuildPhase;
			buildActionMask = 2147483647;
			files = (
				B8DCF2242B0DD80700643E05 /* LayoutVView1.swift in Sources */,
				B8C18AD42B1088DA000CE3D6 /* CameraPhotoCollCell.swift in Sources */,
				B8B45C982B0F5078001B45D1 /* _4x6Layout2.swift in Sources */,
				B84E98C22B0C943500A3E809 /* LayoutListVC.swift in Sources */,
				B80E01082B0B6372006CE093 /* DesignPhotoBoothVC.swift in Sources */,
				B8D1BB812B04C023008A8C48 /* CustomCameraViewController.swift in Sources */,
				B89B5B2C2B0DFE4100CE631D /* LayoutVView5.swift in Sources */,
				B8EAD9952B10A76E00943018 /* YourPhotoVC.swift in Sources */,
				B89B5B1C2B0DDD7500CE631D /* LayoutHView4.swift in Sources */,
				B8D1BB6D2B04BD34008A8C48 /* AppDelegate.swift in Sources */,
				B84E98D92B0CADE300A3E809 /* ExtensionsUIView.swift in Sources */,
				B84E98C02B0C7EA300A3E809 /* Constants.swift in Sources */,
				B84E98C92B0C956F00A3E809 /* LayoutCollCell.swift in Sources */,
				B8EAD9972B10B88C00943018 /* CameraOverlayView.swift in Sources */,
				B89B5B212B0DE9FF00CE631D /* LayoutVView2.swift in Sources */,
				B8B45C932B0F4EB8001B45D1 /* _4x6Layout1.swift in Sources */,
				B8D1BB6F2B04BD34008A8C48 /* SceneDelegate.swift in Sources */,
				B89B5B252B0DEA4D00CE631D /* LayoutVView3.swift in Sources */,
				B89B5B2F2B0DFE4600CE631D /* LayoutVView6.swift in Sources */,
				B89B5B342B0DFE4D00CE631D /* LayoutVView7.swift in Sources */,
			);
			runOnlyForDeploymentPostprocessing = 0;
		};
/* End PBXSourcesBuildPhase section */

/* Begin PBXVariantGroup section */
		B8D1BB722B04BD34008A8C48 /* Main.storyboard */ = {
			isa = PBXVariantGroup;
			children = (
				B8D1BB732B04BD34008A8C48 /* Base */,
			);
			name = Main.storyboard;
			sourceTree = "<group>";
		};
		B8D1BB772B04BD36008A8C48 /* LaunchScreen.storyboard */ = {
			isa = PBXVariantGroup;
			children = (
				B8D1BB782B04BD36008A8C48 /* Base */,
			);
			name = LaunchScreen.storyboard;
			sourceTree = "<group>";
		};
/* End PBXVariantGroup section */

/* Begin XCBuildConfiguration section */
		B8D1BB7B2B04BD36008A8C48 /* Debug */ = {
			isa = XCBuildConfiguration;
			buildSettings = {
				ALWAYS_SEARCH_USER_PATHS = NO;
				ASSETCATALOG_COMPILER_GENERATE_SWIFT_ASSET_SYMBOL_EXTENSIONS = YES;
				CLANG_ANALYZER_NONNULL = YES;
				CLANG_ANALYZER_NUMBER_OBJECT_CONVERSION = YES_AGGRESSIVE;
				CLANG_CXX_LANGUAGE_STANDARD = "gnu++20";
				CLANG_ENABLE_MODULES = YES;
				CLANG_ENABLE_OBJC_ARC = YES;
				CLANG_ENABLE_OBJC_WEAK = YES;
				CLANG_WARN_BLOCK_CAPTURE_AUTORELEASING = YES;
				CLANG_WARN_BOOL_CONVERSION = YES;
				CLANG_WARN_COMMA = YES;
				CLANG_WARN_CONSTANT_CONVERSION = YES;
				CLANG_WARN_DEPRECATED_OBJC_IMPLEMENTATIONS = YES;
				CLANG_WARN_DIRECT_OBJC_ISA_USAGE = YES_ERROR;
				CLANG_WARN_DOCUMENTATION_COMMENTS = YES;
				CLANG_WARN_EMPTY_BODY = YES;
				CLANG_WARN_ENUM_CONVERSION = YES;
				CLANG_WARN_INFINITE_RECURSION = YES;
				CLANG_WARN_INT_CONVERSION = YES;
				CLANG_WARN_NON_LITERAL_NULL_CONVERSION = YES;
				CLANG_WARN_OBJC_IMPLICIT_RETAIN_SELF = YES;
				CLANG_WARN_OBJC_LITERAL_CONVERSION = YES;
				CLANG_WARN_OBJC_ROOT_CLASS = YES_ERROR;
				CLANG_WARN_QUOTED_INCLUDE_IN_FRAMEWORK_HEADER = YES;
				CLANG_WARN_RANGE_LOOP_ANALYSIS = YES;
				CLANG_WARN_STRICT_PROTOTYPES = YES;
				CLANG_WARN_SUSPICIOUS_MOVE = YES;
				CLANG_WARN_UNGUARDED_AVAILABILITY = YES_AGGRESSIVE;
				CLANG_WARN_UNREACHABLE_CODE = YES;
				CLANG_WARN__DUPLICATE_METHOD_MATCH = YES;
				COPY_PHASE_STRIP = NO;
				DEBUG_INFORMATION_FORMAT = dwarf;
				ENABLE_STRICT_OBJC_MSGSEND = YES;
				ENABLE_TESTABILITY = YES;
				ENABLE_USER_SCRIPT_SANDBOXING = NO;
				GCC_C_LANGUAGE_STANDARD = gnu17;
				GCC_DYNAMIC_NO_PIC = NO;
				GCC_NO_COMMON_BLOCKS = YES;
				GCC_OPTIMIZATION_LEVEL = 0;
				GCC_PREPROCESSOR_DEFINITIONS = (
					"DEBUG=1",
					"$(inherited)",
				);
				GCC_WARN_64_TO_32_BIT_CONVERSION = YES;
				GCC_WARN_ABOUT_RETURN_TYPE = YES_ERROR;
				GCC_WARN_UNDECLARED_SELECTOR = YES;
				GCC_WARN_UNINITIALIZED_AUTOS = YES_AGGRESSIVE;
				GCC_WARN_UNUSED_FUNCTION = YES;
				GCC_WARN_UNUSED_VARIABLE = YES;
				IPHONEOS_DEPLOYMENT_TARGET = 15.0;
				LOCALIZATION_PREFERS_STRING_CATALOGS = YES;
				MTL_ENABLE_DEBUG_INFO = INCLUDE_SOURCE;
				MTL_FAST_MATH = YES;
				ONLY_ACTIVE_ARCH = YES;
				SDKROOT = iphoneos;
				SWIFT_ACTIVE_COMPILATION_CONDITIONS = "DEBUG $(inherited)";
				SWIFT_OPTIMIZATION_LEVEL = "-Onone";
			};
			name = Debug;
		};
		B8D1BB7C2B04BD36008A8C48 /* Release */ = {
			isa = XCBuildConfiguration;
			buildSettings = {
				ALWAYS_SEARCH_USER_PATHS = NO;
				ASSETCATALOG_COMPILER_GENERATE_SWIFT_ASSET_SYMBOL_EXTENSIONS = YES;
				CLANG_ANALYZER_NONNULL = YES;
				CLANG_ANALYZER_NUMBER_OBJECT_CONVERSION = YES_AGGRESSIVE;
				CLANG_CXX_LANGUAGE_STANDARD = "gnu++20";
				CLANG_ENABLE_MODULES = YES;
				CLANG_ENABLE_OBJC_ARC = YES;
				CLANG_ENABLE_OBJC_WEAK = YES;
				CLANG_WARN_BLOCK_CAPTURE_AUTORELEASING = YES;
				CLANG_WARN_BOOL_CONVERSION = YES;
				CLANG_WARN_COMMA = YES;
				CLANG_WARN_CONSTANT_CONVERSION = YES;
				CLANG_WARN_DEPRECATED_OBJC_IMPLEMENTATIONS = YES;
				CLANG_WARN_DIRECT_OBJC_ISA_USAGE = YES_ERROR;
				CLANG_WARN_DOCUMENTATION_COMMENTS = YES;
				CLANG_WARN_EMPTY_BODY = YES;
				CLANG_WARN_ENUM_CONVERSION = YES;
				CLANG_WARN_INFINITE_RECURSION = YES;
				CLANG_WARN_INT_CONVERSION = YES;
				CLANG_WARN_NON_LITERAL_NULL_CONVERSION = YES;
				CLANG_WARN_OBJC_IMPLICIT_RETAIN_SELF = YES;
				CLANG_WARN_OBJC_LITERAL_CONVERSION = YES;
				CLANG_WARN_OBJC_ROOT_CLASS = YES_ERROR;
				CLANG_WARN_QUOTED_INCLUDE_IN_FRAMEWORK_HEADER = YES;
				CLANG_WARN_RANGE_LOOP_ANALYSIS = YES;
				CLANG_WARN_STRICT_PROTOTYPES = YES;
				CLANG_WARN_SUSPICIOUS_MOVE = YES;
				CLANG_WARN_UNGUARDED_AVAILABILITY = YES_AGGRESSIVE;
				CLANG_WARN_UNREACHABLE_CODE = YES;
				CLANG_WARN__DUPLICATE_METHOD_MATCH = YES;
				COPY_PHASE_STRIP = NO;
				DEBUG_INFORMATION_FORMAT = "dwarf-with-dsym";
				ENABLE_NS_ASSERTIONS = NO;
				ENABLE_STRICT_OBJC_MSGSEND = YES;
				ENABLE_USER_SCRIPT_SANDBOXING = NO;
				GCC_C_LANGUAGE_STANDARD = gnu17;
				GCC_NO_COMMON_BLOCKS = YES;
				GCC_WARN_64_TO_32_BIT_CONVERSION = YES;
				GCC_WARN_ABOUT_RETURN_TYPE = YES_ERROR;
				GCC_WARN_UNDECLARED_SELECTOR = YES;
				GCC_WARN_UNINITIALIZED_AUTOS = YES_AGGRESSIVE;
				GCC_WARN_UNUSED_FUNCTION = YES;
				GCC_WARN_UNUSED_VARIABLE = YES;
				IPHONEOS_DEPLOYMENT_TARGET = 15.0;
				LOCALIZATION_PREFERS_STRING_CATALOGS = YES;
				MTL_ENABLE_DEBUG_INFO = NO;
				MTL_FAST_MATH = YES;
				SDKROOT = iphoneos;
				SWIFT_COMPILATION_MODE = wholemodule;
				VALIDATE_PRODUCT = YES;
			};
			name = Release;
		};
		B8D1BB7E2B04BD36008A8C48 /* Debug */ = {
			isa = XCBuildConfiguration;
			baseConfigurationReference = 2E538F953C6EEAB8F8CB7CF5 /* Pods-PhotoBoothDemo.debug.xcconfig */;
			buildSettings = {
				ASSETCATALOG_COMPILER_APPICON_NAME = AppIcon;
				ASSETCATALOG_COMPILER_GLOBAL_ACCENT_COLOR_NAME = AccentColor;
				CODE_SIGN_IDENTITY = "Apple Development";
				CODE_SIGN_STYLE = Automatic;
				CURRENT_PROJECT_VERSION = 1;
				DEVELOPMENT_TEAM = A3X2NV7HPA;
				GENERATE_INFOPLIST_FILE = YES;
				INFOPLIST_FILE = PhotoBoothDemo/Info.plist;
				INFOPLIST_KEY_NSCameraUsageDescription = CAMERA;
				INFOPLIST_KEY_UIApplicationSupportsIndirectInputEvents = YES;
				INFOPLIST_KEY_UILaunchStoryboardName = LaunchScreen;
				INFOPLIST_KEY_UIMainStoryboardFile = Main;
				INFOPLIST_KEY_UISupportedInterfaceOrientations = UIInterfaceOrientationPortrait;
				INFOPLIST_KEY_UIUserInterfaceStyle = Light;
				LD_RUNPATH_SEARCH_PATHS = (
					"$(inherited)",
					"@executable_path/Frameworks",
				);
				MARKETING_VERSION = 1.0;
				PRODUCT_BUNDLE_IDENTIFIER = "com.jamesanthonycastrejon.Hang-Man";
				PRODUCT_NAME = "$(TARGET_NAME)";
				PROVISIONING_PROFILE_SPECIFIER = "";
				SWIFT_EMIT_LOC_STRINGS = YES;
				SWIFT_VERSION = 5.0;
				TARGETED_DEVICE_FAMILY = "1,2";
			};
			name = Debug;
		};
		B8D1BB7F2B04BD36008A8C48 /* Release */ = {
			isa = XCBuildConfiguration;
			baseConfigurationReference = E9EFF3FE85ED5438D711A02A /* Pods-PhotoBoothDemo.release.xcconfig */;
			buildSettings = {
				ASSETCATALOG_COMPILER_APPICON_NAME = AppIcon;
				ASSETCATALOG_COMPILER_GLOBAL_ACCENT_COLOR_NAME = AccentColor;
				CODE_SIGN_IDENTITY = "Apple Development";
				CODE_SIGN_STYLE = Automatic;
				CURRENT_PROJECT_VERSION = 1;
				DEVELOPMENT_TEAM = A3X2NV7HPA;
				GENERATE_INFOPLIST_FILE = YES;
				INFOPLIST_FILE = PhotoBoothDemo/Info.plist;
				INFOPLIST_KEY_NSCameraUsageDescription = CAMERA;
				INFOPLIST_KEY_UIApplicationSupportsIndirectInputEvents = YES;
				INFOPLIST_KEY_UILaunchStoryboardName = LaunchScreen;
				INFOPLIST_KEY_UIMainStoryboardFile = Main;
				INFOPLIST_KEY_UISupportedInterfaceOrientations = UIInterfaceOrientationPortrait;
				INFOPLIST_KEY_UIUserInterfaceStyle = Light;
				LD_RUNPATH_SEARCH_PATHS = (
					"$(inherited)",
					"@executable_path/Frameworks",
				);
				MARKETING_VERSION = 1.0;
				PRODUCT_BUNDLE_IDENTIFIER = "com.jamesanthonycastrejon.Hang-Man";
				PRODUCT_NAME = "$(TARGET_NAME)";
				PROVISIONING_PROFILE_SPECIFIER = "";
				SWIFT_EMIT_LOC_STRINGS = YES;
				SWIFT_VERSION = 5.0;
				TARGETED_DEVICE_FAMILY = "1,2";
			};
			name = Release;
		};
/* End XCBuildConfiguration section */

/* Begin XCConfigurationList section */
		B8D1BB642B04BD34008A8C48 /* Build configuration list for PBXProject "PhotoBoothDemo" */ = {
			isa = XCConfigurationList;
			buildConfigurations = (
				B8D1BB7B2B04BD36008A8C48 /* Debug */,
				B8D1BB7C2B04BD36008A8C48 /* Release */,
			);
			defaultConfigurationIsVisible = 0;
			defaultConfigurationName = Release;
		};
		B8D1BB7D2B04BD36008A8C48 /* Build configuration list for PBXNativeTarget "PhotoBoothDemo" */ = {
			isa = XCConfigurationList;
			buildConfigurations = (
				B8D1BB7E2B04BD36008A8C48 /* Debug */,
				B8D1BB7F2B04BD36008A8C48 /* Release */,
			);
			defaultConfigurationIsVisible = 0;
			defaultConfigurationName = Release;
		};
/* End XCConfigurationList section */
	};
	rootObject = B8D1BB612B04BD34008A8C48 /* Project object */;
}
